{
  "name": "hello-vue-component",
  "version": "0.0.0",
  "lockfileVersion": 2,
  "requires": true,
  "packages": {
    "": {
      "name": "hello-vue-component",
      "version": "0.0.0",
      "dependencies": {
        "vue": "^3.2.45",
        "vue-router": "^4.1.6"
      },
      "devDependencies": {
        "@vitejs/plugin-vue": "^4.0.0",
        "vite": "^4.0.0"
      }
    },
    "node_modules/@babel/parser": {
      "version": "7.21.1",
      "resolved": "https://a.newegg.org:443/artifactory/api/npm/newegg-npm/@babel/parser/-/parser-7.21.1.tgz",
      "integrity": "sha1-qPge4v6HKvI/rqSxegj8yGnee8w=",
      "license": "MIT",
      "bin": {
        "parser": "bin/babel-parser.js"
      },
      "engines": {
        "node": ">=6.0.0"
      }
    },
    "node_modules/@esbuild/android-arm": {
      "version": "0.16.17",
      "resolved": "https://a.newegg.org:443/artifactory/api/npm/newegg-npm/@esbuild/android-arm/-/android-arm-0.16.17.tgz",
      "integrity": "sha1-AltiRtP2i3u6qXBpFE+1+3Dy//I=",
      "cpu": [
        "arm"
      ],
      "dev": true,
      "license": "MIT",
      "optional": true,
      "os": [
        "android"
      ],
      "engines": {
        "node": ">=12"
      }
    },
    "node_modules/@esbuild/android-arm64": {
      "version": "0.16.17",
      "resolved": "https://a.newegg.org:443/artifactory/api/npm/newegg-npm/@esbuild/android-arm64/-/android-arm64-0.16.17.tgz",
      "integrity": "sha1-z5HobfEnqj0UF0Ttr8ugq9xXfSM=",
      "cpu": [
        "arm64"
      ],
      "dev": true,
      "license": "MIT",
      "optional": true,
      "os": [
        "android"
      ],
      "engines": {
        "node": ">=12"
      }
    },
    "node_modules/@esbuild/android-x64": {
      "version": "0.16.17",
      "resolved": "https://a.newegg.org:443/artifactory/api/npm/newegg-npm/@esbuild/android-x64/-/android-x64-0.16.17.tgz",
      "integrity": "sha1-yCDg/vmC+ZqFxLi/3VgoNfBM2W4=",
      "cpu": [
        "x64"
      ],
      "dev": true,
      "license": "MIT",
      "optional": true,
      "os": [
        "android"
      ],
      "engines": {
        "node": ">=12"
      }
    },
    "node_modules/@esbuild/darwin-arm64": {
      "version": "0.16.17",
      "resolved": "https://a.newegg.org:443/artifactory/api/npm/newegg-npm/@esbuild/darwin-arm64/-/darwin-arm64-0.16.17.tgz",
      "integrity": "sha1-7e9Eh69rIa+runvlEywm0iN5siA=",
      "cpu": [
        "arm64"
      ],
      "dev": true,
      "license": "MIT",
      "optional": true,
      "os": [
        "darwin"
      ],
      "engines": {
        "node": ">=12"
      }
    },
    "node_modules/@esbuild/darwin-x64": {
      "version": "0.16.17",
      "resolved": "https://a.newegg.org:443/artifactory/api/npm/newegg-npm/@esbuild/darwin-x64/-/darwin-x64-0.16.17.tgz",
      "integrity": "sha1-QoKRaHMAccQe8NAo2DGe6g4pBLQ=",
      "cpu": [
        "x64"
      ],
      "dev": true,
      "license": "MIT",
      "optional": true,
      "os": [
        "darwin"
      ],
      "engines": {
        "node": ">=12"
      }
    },
    "node_modules/@esbuild/freebsd-arm64": {
      "version": "0.16.17",
      "resolved": "https://a.newegg.org:443/artifactory/api/npm/newegg-npm/@esbuild/freebsd-arm64/-/freebsd-arm64-0.16.17.tgz",
      "integrity": "sha1-H0r0iL/H6c7QQgcDTTmOeTtXCic=",
      "cpu": [
        "arm64"
      ],
      "dev": true,
      "license": "MIT",
      "optional": true,
      "os": [
        "freebsd"
      ],
      "engines": {
        "node": ">=12"
      }
    },
    "node_modules/@esbuild/freebsd-x64": {
      "version": "0.16.17",
      "resolved": "https://a.newegg.org:443/artifactory/api/npm/newegg-npm/@esbuild/freebsd-x64/-/freebsd-x64-0.16.17.tgz",
      "integrity": "sha1-Y2MG8Z6byYHgaqHXdzAtrY/dr3I=",
      "cpu": [
        "x64"
      ],
      "dev": true,
      "license": "MIT",
      "optional": true,
      "os": [
        "freebsd"
      ],
      "engines": {
        "node": ">=12"
      }
    },
    "node_modules/@esbuild/linux-arm": {
      "version": "0.16.17",
      "resolved": "https://a.newegg.org:443/artifactory/api/npm/newegg-npm/@esbuild/linux-arm/-/linux-arm-0.16.17.tgz",
      "integrity": "sha1-tZHmpZ2cT+DurdSHSxV6t4z18ZY=",
      "cpu": [
        "arm"
      ],
      "dev": true,
      "license": "MIT",
      "optional": true,
      "os": [
        "linux"
      ],
      "engines": {
        "node": ">=12"
      }
    },
    "node_modules/@esbuild/linux-arm64": {
      "version": "0.16.17",
      "resolved": "https://a.newegg.org:443/artifactory/api/npm/newegg-npm/@esbuild/linux-arm64/-/linux-arm64-0.16.17.tgz",
      "integrity": "sha1-oAP3/yN8UB4JXU86CeWPx7JaSso=",
      "cpu": [
        "arm64"
      ],
      "dev": true,
      "license": "MIT",
      "optional": true,
      "os": [
        "linux"
      ],
      "engines": {
        "node": ">=12"
      }
    },
    "node_modules/@esbuild/linux-ia32": {
      "version": "0.16.17",
      "resolved": "https://a.newegg.org:443/artifactory/api/npm/newegg-npm/@esbuild/linux-ia32/-/linux-ia32-0.16.17.tgz",
      "integrity": "sha1-JDM6EQJ+9GoY9XAZRQpRiJGOKlQ=",
      "cpu": [
        "ia32"
      ],
      "dev": true,
      "license": "MIT",
      "optional": true,
      "os": [
        "linux"
      ],
      "engines": {
        "node": ">=12"
      }
    },
    "node_modules/@esbuild/linux-loong64": {
      "version": "0.16.17",
      "resolved": "https://a.newegg.org:443/artifactory/api/npm/newegg-npm/@esbuild/linux-loong64/-/linux-loong64-0.16.17.tgz",
      "integrity": "sha1-1a1FnUHtQrvU0AUlazGILsUiJ9g=",
      "cpu": [
        "loong64"
      ],
      "dev": true,
      "license": "MIT",
      "optional": true,
      "os": [
        "linux"
      ],
      "engines": {
        "node": ">=12"
      }
    },
    "node_modules/@esbuild/linux-mips64el": {
      "version": "0.16.17",
      "resolved": "https://a.newegg.org:443/artifactory/api/npm/newegg-npm/@esbuild/linux-mips64el/-/linux-mips64el-0.16.17.tgz",
      "integrity": "sha1-TllnpmXDg2CwqCBVlDd9Tc+cNyY=",
      "cpu": [
        "mips64el"
      ],
      "dev": true,
      "license": "MIT",
      "optional": true,
      "os": [
        "linux"
      ],
      "engines": {
        "node": ">=12"
      }
    },
    "node_modules/@esbuild/linux-ppc64": {
      "version": "0.16.17",
      "resolved": "https://a.newegg.org:443/artifactory/api/npm/newegg-npm/@esbuild/linux-ppc64/-/linux-ppc64-0.16.17.tgz",
      "integrity": "sha1-IGRDoC61aPn98LQ4+9R9Juc1r8g=",
      "cpu": [
        "ppc64"
      ],
      "dev": true,
      "license": "MIT",
      "optional": true,
      "os": [
        "linux"
      ],
      "engines": {
        "node": ">=12"
      }
    },
    "node_modules/@esbuild/linux-riscv64": {
      "version": "0.16.17",
      "resolved": "https://a.newegg.org:443/artifactory/api/npm/newegg-npm/@esbuild/linux-riscv64/-/linux-riscv64-0.16.17.tgz",
      "integrity": "sha1-w1HkM9AJvyVueYrQSBUsjXbaL8k=",
      "cpu": [
        "riscv64"
      ],
      "dev": true,
      "license": "MIT",
      "optional": true,
      "os": [
        "linux"
      ],
      "engines": {
        "node": ">=12"
      }
    },
    "node_modules/@esbuild/linux-s390x": {
      "version": "0.16.17",
      "resolved": "https://a.newegg.org:443/artifactory/api/npm/newegg-npm/@esbuild/linux-s390x/-/linux-s390x-0.16.17.tgz",
      "integrity": "sha1-Zh8nHl1ZYVuEtoAdHCEjrRPZvYc=",
      "cpu": [
        "s390x"
      ],
      "dev": true,
      "license": "MIT",
      "optional": true,
      "os": [
        "linux"
      ],
      "engines": {
        "node": ">=12"
      }
    },
    "node_modules/@esbuild/linux-x64": {
      "version": "0.16.17",
      "resolved": "https://a.newegg.org:443/artifactory/api/npm/newegg-npm/@esbuild/linux-x64/-/linux-x64-0.16.17.tgz",
      "integrity": "sha1-5LoY6LFJqJyYI1FEOjd8cjdiuF8=",
      "cpu": [
        "x64"
      ],
      "dev": true,
      "license": "MIT",
      "optional": true,
      "os": [
        "linux"
      ],
      "engines": {
        "node": ">=12"
      }
    },
    "node_modules/@esbuild/netbsd-x64": {
      "version": "0.16.17",
      "resolved": "https://a.newegg.org:443/artifactory/api/npm/newegg-npm/@esbuild/netbsd-x64/-/netbsd-x64-0.16.17.tgz",
      "integrity": "sha1-fU9AQeMMXAfdJP+ilcc/BgOOx3U=",
      "cpu": [
        "x64"
      ],
      "dev": true,
      "license": "MIT",
      "optional": true,
      "os": [
        "netbsd"
      ],
      "engines": {
        "node": ">=12"
      }
    },
    "node_modules/@esbuild/openbsd-x64": {
      "version": "0.16.17",
      "resolved": "https://a.newegg.org:443/artifactory/api/npm/newegg-npm/@esbuild/openbsd-x64/-/openbsd-x64-0.16.17.tgz",
      "integrity": "sha1-lw+n+EcGgfPmsdsMxCGkr4Bg7DU=",
      "cpu": [
        "x64"
      ],
      "dev": true,
      "license": "MIT",
      "optional": true,
      "os": [
        "openbsd"
      ],
      "engines": {
        "node": ">=12"
      }
    },
    "node_modules/@esbuild/sunos-x64": {
      "version": "0.16.17",
      "resolved": "https://a.newegg.org:443/artifactory/api/npm/newegg-npm/@esbuild/sunos-x64/-/sunos-x64-0.16.17.tgz",
      "integrity": "sha1-q8YOfEq/i4n7ek/mmhSEEyI4Aiw=",
      "cpu": [
        "x64"
      ],
      "dev": true,
      "license": "MIT",
      "optional": true,
      "os": [
        "sunos"
      ],
      "engines": {
        "node": ">=12"
      }
    },
    "node_modules/@esbuild/win32-arm64": {
      "version": "0.16.17",
      "resolved": "https://a.newegg.org:443/artifactory/api/npm/newegg-npm/@esbuild/win32-arm64/-/win32-arm64-0.16.17.tgz",
      "integrity": "sha1-ew/56MMmVTenp7H9miTnvTn82Ho=",
      "cpu": [
        "arm64"
      ],
      "dev": true,
      "license": "MIT",
      "optional": true,
      "os": [
        "win32"
      ],
      "engines": {
        "node": ">=12"
      }
    },
    "node_modules/@esbuild/win32-ia32": {
      "version": "0.16.17",
      "resolved": "https://a.newegg.org:443/artifactory/api/npm/newegg-npm/@esbuild/win32-ia32/-/win32-ia32-0.16.17.tgz",
      "integrity": "sha1-6Q/lJn1xp7dWev3EA9/RmMKS6wk=",
      "cpu": [
        "ia32"
      ],
      "dev": true,
      "license": "MIT",
      "optional": true,
      "os": [
        "win32"
      ],
      "engines": {
        "node": ">=12"
      }
    },
    "node_modules/@esbuild/win32-x64": {
      "version": "0.16.17",
      "resolved": "https://a.newegg.org:443/artifactory/api/npm/newegg-npm/@esbuild/win32-x64/-/win32-x64-0.16.17.tgz",
      "integrity": "sha1-xaGkv+G1fww+YbKYg1JcbaPlwJE=",
      "cpu": [
        "x64"
      ],
      "dev": true,
      "license": "MIT",
      "optional": true,
      "os": [
        "win32"
      ],
      "engines": {
        "node": ">=12"
      }
    },
    "node_modules/@vitejs/plugin-vue": {
      "version": "4.0.0",
      "resolved": "https://a.newegg.org:443/artifactory/api/npm/newegg-npm/@vitejs/plugin-vue/-/plugin-vue-4.0.0.tgz",
      "integrity": "sha1-k4Fb7/0j20YojHhzUqjqMaDAPl4=",
      "dev": true,
      "license": "MIT",
      "engines": {
        "node": "^14.18.0 || >=16.0.0"
      },
      "peerDependencies": {
        "vite": "^4.0.0",
        "vue": "^3.2.25"
      }
    },
    "node_modules/@vue/compiler-core": {
      "version": "3.2.47",
      "resolved": "https://a.newegg.org:443/artifactory/api/npm/newegg-npm/@vue/compiler-core/-/compiler-core-3.2.47.tgz",
      "integrity": "sha1-PgfGhNdIl6yapZIsUgdB8wKSZ/g=",
      "license": "MIT",
      "dependencies": {
        "@babel/parser": "^7.16.4",
        "@vue/shared": "3.2.47",
        "estree-walker": "^2.0.2",
        "source-map": "^0.6.1"
      }
    },
    "node_modules/@vue/compiler-dom": {
      "version": "3.2.47",
      "resolved": "https://a.newegg.org:443/artifactory/api/npm/newegg-npm/@vue/compiler-dom/-/compiler-dom-3.2.47.tgz",
      "integrity": "sha1-oLBsr373BWk55WPcqpy94weU8wU=",
      "license": "MIT",
      "dependencies": {
        "@vue/compiler-core": "3.2.47",
        "@vue/shared": "3.2.47"
      }
    },
    "node_modules/@vue/compiler-sfc": {
      "version": "3.2.47",
      "resolved": "https://a.newegg.org:443/artifactory/api/npm/newegg-npm/@vue/compiler-sfc/-/compiler-sfc-3.2.47.tgz",
      "integrity": "sha1-G9w29s3BZD9y4sOX6xo5j1AErT0=",
      "license": "MIT",
      "dependencies": {
        "@babel/parser": "^7.16.4",
        "@vue/compiler-core": "3.2.47",
        "@vue/compiler-dom": "3.2.47",
        "@vue/compiler-ssr": "3.2.47",
        "@vue/reactivity-transform": "3.2.47",
        "@vue/shared": "3.2.47",
        "estree-walker": "^2.0.2",
        "magic-string": "^0.25.7",
        "postcss": "^8.1.10",
        "source-map": "^0.6.1"
      }
    },
    "node_modules/@vue/compiler-ssr": {
      "version": "3.2.47",
      "resolved": "https://a.newegg.org:443/artifactory/api/npm/newegg-npm/@vue/compiler-ssr/-/compiler-ssr-3.2.47.tgz",
      "integrity": "sha1-NYcsAaJzqsTWBwq52NqRirEwV+4=",
      "license": "MIT",
      "dependencies": {
        "@vue/compiler-dom": "3.2.47",
        "@vue/shared": "3.2.47"
      }
    },
    "node_modules/@vue/devtools-api": {
      "version": "6.5.0",
      "resolved": "https://a.newegg.org:443/artifactory/api/npm/newegg-npm/@vue/devtools-api/-/devtools-api-6.5.0.tgz",
      "integrity": "sha1-mLmUJe3ucLTJkmkmKPoeosHlfQc=",
      "license": "MIT"
    },
    "node_modules/@vue/reactivity": {
      "version": "3.2.47",
      "resolved": "https://a.newegg.org:443/artifactory/api/npm/newegg-npm/@vue/reactivity/-/reactivity-3.2.47.tgz",
      "integrity": "sha1-HWOZB06t/D7TXHJ+L9cH1ogRQLY=",
      "license": "MIT",
      "dependencies": {
        "@vue/shared": "3.2.47"
      }
    },
    "node_modules/@vue/reactivity-transform": {
      "version": "3.2.47",
      "resolved": "https://a.newegg.org:443/artifactory/api/npm/newegg-npm/@vue/reactivity-transform/-/reactivity-transform-3.2.47.tgz",
      "integrity": "sha1-5F300GNw+KvykIGhav0lz/um2E4=",
      "license": "MIT",
      "dependencies": {
        "@babel/parser": "^7.16.4",
        "@vue/compiler-core": "3.2.47",
        "@vue/shared": "3.2.47",
        "estree-walker": "^2.0.2",
        "magic-string": "^0.25.7"
      }
    },
    "node_modules/@vue/runtime-core": {
      "version": "3.2.47",
      "resolved": "https://a.newegg.org:443/artifactory/api/npm/newegg-npm/@vue/runtime-core/-/runtime-core-3.2.47.tgz",
      "integrity": "sha1-QG663j1VUcAPxkCbvB7rEPMuEh0=",
      "license": "MIT",
      "dependencies": {
        "@vue/reactivity": "3.2.47",
        "@vue/shared": "3.2.47"
      }
    },
    "node_modules/@vue/runtime-dom": {
      "version": "3.2.47",
      "resolved": "https://a.newegg.org:443/artifactory/api/npm/newegg-npm/@vue/runtime-dom/-/runtime-dom-3.2.47.tgz",
      "integrity": "sha1-k+dg7q6rhN7ft8Pq8+1Y13Ypk4I=",
      "license": "MIT",
      "dependencies": {
        "@vue/runtime-core": "3.2.47",
        "@vue/shared": "3.2.47",
        "csstype": "^2.6.8"
      }
    },
    "node_modules/@vue/server-renderer": {
      "version": "3.2.47",
      "resolved": "https://a.newegg.org:443/artifactory/api/npm/newegg-npm/@vue/server-renderer/-/server-renderer-3.2.47.tgz",
      "integrity": "sha1-iqHRhx/E61p4Uap/dB+PcA5t48A=",
      "license": "MIT",
      "dependencies": {
        "@vue/compiler-ssr": "3.2.47",
        "@vue/shared": "3.2.47"
      },
      "peerDependencies": {
        "vue": "3.2.47"
      }
    },
    "node_modules/@vue/shared": {
      "version": "3.2.47",
      "resolved": "https://a.newegg.org:443/artifactory/api/npm/newegg-npm/@vue/shared/-/shared-3.2.47.tgz",
      "integrity": "sha1-5ZfvdQhsbolv9UeKa/wKeqS70Uw=",
      "license": "MIT"
    },
    "node_modules/csstype": {
      "version": "2.6.21",
      "resolved": "https://a.newegg.org:443/artifactory/api/npm/newegg-npm/csstype/-/csstype-2.6.21.tgz",
      "integrity": "sha1-LvuFt8xVyAAXxmpa18vZMf2jqQ4=",
      "license": "MIT"
    },
    "node_modules/esbuild": {
      "version": "0.16.17",
      "resolved": "https://a.newegg.org:443/artifactory/api/npm/newegg-npm/esbuild/-/esbuild-0.16.17.tgz",
      "integrity": "sha1-/Cw5FMV+51BjX+5xuJ9hXyUGUlk=",
      "dev": true,
      "hasInstallScript": true,
      "license": "MIT",
      "bin": {
        "esbuild": "bin/esbuild"
      },
      "engines": {
        "node": ">=12"
      },
      "optionalDependencies": {
        "@esbuild/android-arm": "0.16.17",
        "@esbuild/android-arm64": "0.16.17",
        "@esbuild/android-x64": "0.16.17",
        "@esbuild/darwin-arm64": "0.16.17",
        "@esbuild/darwin-x64": "0.16.17",
        "@esbuild/freebsd-arm64": "0.16.17",
        "@esbuild/freebsd-x64": "0.16.17",
        "@esbuild/linux-arm": "0.16.17",
        "@esbuild/linux-arm64": "0.16.17",
        "@esbuild/linux-ia32": "0.16.17",
        "@esbuild/linux-loong64": "0.16.17",
        "@esbuild/linux-mips64el": "0.16.17",
        "@esbuild/linux-ppc64": "0.16.17",
        "@esbuild/linux-riscv64": "0.16.17",
        "@esbuild/linux-s390x": "0.16.17",
        "@esbuild/linux-x64": "0.16.17",
        "@esbuild/netbsd-x64": "0.16.17",
        "@esbuild/openbsd-x64": "0.16.17",
        "@esbuild/sunos-x64": "0.16.17",
        "@esbuild/win32-arm64": "0.16.17",
        "@esbuild/win32-ia32": "0.16.17",
        "@esbuild/win32-x64": "0.16.17"
      }
    },
    "node_modules/estree-walker": {
      "version": "2.0.2",
      "resolved": "https://a.newegg.org:443/artifactory/api/npm/newegg-npm/estree-walker/-/estree-walker-2.0.2.tgz",
      "integrity": "sha1-UvAQF4wqTBF6d1fP6UKtt9LaTKw=",
      "license": "MIT"
    },
    "node_modules/fsevents": {
      "version": "2.3.2",
      "resolved": "https://a.newegg.org:443/artifactory/api/npm/newegg-npm/fsevents/-/fsevents-2.3.2.tgz",
      "integrity": "sha1-ilJveLj99GI7cJ4Ll1xSwkwC/Ro=",
      "dev": true,
      "hasInstallScript": true,
      "license": "MIT",
      "optional": true,
      "os": [
        "darwin"
      ],
      "engines": {
        "node": "^8.16.0 || ^10.6.0 || >=11.0.0"
      }
    },
    "node_modules/function-bind": {
      "version": "1.1.1",
      "resolved": "https://a.newegg.org:443/artifactory/api/npm/newegg-npm/function-bind/-/function-bind-1.1.1.tgz",
      "integrity": "sha1-pWiZ0+o8m6uHS7l3O3xe3pL0iV0=",
      "dev": true,
      "license": "MIT"
    },
    "node_modules/has": {
      "version": "1.0.3",
      "resolved": "https://a.newegg.org:443/artifactory/api/npm/newegg-npm/has/-/has-1.0.3.tgz",
      "integrity": "sha1-ci18v8H2qoJB8W3YFOAR4fQeh5Y=",
      "dev": true,
      "license": "MIT",
      "dependencies": {
        "function-bind": "^1.1.1"
      },
      "engines": {
        "node": ">= 0.4.0"
      }
    },
    "node_modules/is-core-module": {
      "version": "2.11.0",
      "resolved": "https://a.newegg.org:443/artifactory/api/npm/newegg-npm/is-core-module/-/is-core-module-2.11.0.tgz",
      "integrity": "sha1-rUyz44Y+gUUjyW8/WNJsxXD/AUQ=",
      "dev": true,
      "license": "MIT",
      "dependencies": {
        "has": "^1.0.3"
      },
      "funding": {
        "url": "https://github.com/sponsors/ljharb"
      }
    },
    "node_modules/magic-string": {
      "version": "0.25.9",
      "resolved": "https://a.newegg.org:443/artifactory/api/npm/newegg-npm/magic-string/-/magic-string-0.25.9.tgz",
      "integrity": "sha1-3n+fr5HvihyR0CwuUxTIJ3283Rw=",
      "license": "MIT",
      "dependencies": {
        "sourcemap-codec": "^1.4.8"
      }
    },
    "node_modules/nanoid": {
      "version": "3.3.4",
      "resolved": "https://a.newegg.org:443/artifactory/api/npm/newegg-npm/nanoid/-/nanoid-3.3.4.tgz",
      "integrity": "sha1-cwtn480J4t6s8DwCfIHJ2dvF6Ks=",
      "license": "MIT",
      "bin": {
        "nanoid": "bin/nanoid.cjs"
      },
      "engines": {
        "node": "^10 || ^12 || ^13.7 || ^14 || >=15.0.1"
      }
    },
    "node_modules/path-parse": {
      "version": "1.0.7",
      "resolved": "https://a.newegg.org:443/artifactory/api/npm/newegg-npm/path-parse/-/path-parse-1.0.7.tgz",
      "integrity": "sha1-+8EUtgykKzDZ2vWFjkvWi77bZzU=",
      "dev": true,
      "license": "MIT"
    },
    "node_modules/picocolors": {
      "version": "1.0.0",
      "resolved": "https://a.newegg.org:443/artifactory/api/npm/newegg-npm/picocolors/-/picocolors-1.0.0.tgz",
      "integrity": "sha1-y1vcdP8/UYkiNur3nWi8RFZKuBw=",
      "license": "ISC"
    },
    "node_modules/postcss": {
      "version": "8.4.21",
      "resolved": "https://a.newegg.org:443/artifactory/api/npm/newegg-npm/postcss/-/postcss-8.4.21.tgz",
      "integrity": "sha1-xjm3GaV+/DGHsToddlZ1SF9BNPQ=",
      "funding": [
        {
          "type": "opencollective",
          "url": "https://opencollective.com/postcss/"
        },
        {
          "type": "tidelift",
          "url": "https://tidelift.com/funding/github/npm/postcss"
        }
      ],
      "license": "MIT",
      "dependencies": {
        "nanoid": "^3.3.4",
        "picocolors": "^1.0.0",
        "source-map-js": "^1.0.2"
      },
      "engines": {
        "node": "^10 || ^12 || >=14"
      }
    },
    "node_modules/resolve": {
      "version": "1.22.1",
      "resolved": "https://a.newegg.org:443/artifactory/api/npm/newegg-npm/resolve/-/resolve-1.22.1.tgz",
      "integrity": "sha1-J8suu1P5GrtJRwqSi7p1WAZqwXc=",
      "dev": true,
      "license": "MIT",
      "dependencies": {
        "is-core-module": "^2.9.0",
        "path-parse": "^1.0.7",
        "supports-preserve-symlinks-flag": "^1.0.0"
      },
      "bin": {
        "resolve": "bin/resolve"
      },
      "funding": {
        "url": "https://github.com/sponsors/ljharb"
      }
    },
    "node_modules/rollup": {
      "version": "3.17.2",
      "resolved": "https://a.newegg.org:443/artifactory/api/npm/newegg-npm/rollup/-/rollup-3.17.2.tgz",
      "integrity": "sha1-pOzSnEiGcqBgbkHvV0dPrXFXUKk=",
      "dev": true,
      "license": "MIT",
      "bin": {
        "rollup": "dist/bin/rollup"
      },
      "engines": {
        "node": ">=14.18.0",
        "npm": ">=8.0.0"
      },
      "optionalDependencies": {
        "fsevents": "~2.3.2"
      }
    },
    "node_modules/source-map": {
      "version": "0.6.1",
      "resolved": "https://a.newegg.org:443/artifactory/api/npm/newegg-npm/source-map/-/source-map-0.6.1.tgz",
      "integrity": "sha1-dHIq8y6WFOnCh6jQu95IteLxomM=",
      "license": "BSD-3-Clause",
      "engines": {
        "node": ">=0.10.0"
      }
    },
    "node_modules/source-map-js": {
      "version": "1.0.2",
      "resolved": "https://a.newegg.org:443/artifactory/api/npm/newegg-npm/source-map-js/-/source-map-js-1.0.2.tgz",
      "integrity": "sha1-rbw2HZxi3zgBJefxYfccgm8eSQw=",
      "license": "BSD-3-Clause",
      "engines": {
        "node": ">=0.10.0"
      }
    },
    "node_modules/sourcemap-codec": {
      "version": "1.4.8",
      "resolved": "https://a.newegg.org:443/artifactory/api/npm/newegg-npm/sourcemap-codec/-/sourcemap-codec-1.4.8.tgz",
      "integrity": "sha1-6oBL2UhXQC5pktBaOO8a41qatMQ=",
      "deprecated": "Please use @jridgewell/sourcemap-codec instead",
      "license": "MIT"
    },
    "node_modules/supports-preserve-symlinks-flag": {
      "version": "1.0.0",
      "resolved": "https://a.newegg.org:443/artifactory/api/npm/newegg-npm/supports-preserve-symlinks-flag/-/supports-preserve-symlinks-flag-1.0.0.tgz",
      "integrity": "sha1-btpL00SjyUrqN21MwxvHcxEDngk=",
      "dev": true,
      "license": "MIT",
      "engines": {
        "node": ">= 0.4"
      },
      "funding": {
        "url": "https://github.com/sponsors/ljharb"
      }
    },
    "node_modules/vite": {
      "version": "4.1.3",
      "resolved": "https://a.newegg.org:443/artifactory/api/npm/newegg-npm/vite/-/vite-4.1.3.tgz",
      "integrity": "sha1-ABoDjDp3V9UyeHwN5Cm4NoE23tU=",
      "dev": true,
      "license": "MIT",
      "dependencies": {
        "esbuild": "^0.16.14",
        "postcss": "^8.4.21",
        "resolve": "^1.22.1",
        "rollup": "^3.10.0"
      },
      "bin": {
        "vite": "bin/vite.js"
      },
      "engines": {
        "node": "^14.18.0 || >=16.0.0"
      },
      "optionalDependencies": {
        "fsevents": "~2.3.2"
      },
      "peerDependencies": {
        "@types/node": ">= 14",
        "less": "*",
        "sass": "*",
        "stylus": "*",
        "sugarss": "*",
        "terser": "^5.4.0"
      },
      "peerDependenciesMeta": {
        "@types/node": {
          "optional": true
        },
        "less": {
          "optional": true
        },
        "sass": {
          "optional": true
        },
        "stylus": {
          "optional": true
        },
        "sugarss": {
          "optional": true
        },
        "terser": {
          "optional": true
        }
      }
    },
    "node_modules/vue": {
      "version": "3.2.47",
      "resolved": "https://a.newegg.org:443/artifactory/api/npm/newegg-npm/vue/-/vue-3.2.47.tgz",
      "integrity": "sha1-Prc2y8YG/IcDjbumoVRwfIo0z/A=",
      "license": "MIT",
      "dependencies": {
        "@vue/compiler-dom": "3.2.47",
        "@vue/compiler-sfc": "3.2.47",
        "@vue/runtime-dom": "3.2.47",
        "@vue/server-renderer": "3.2.47",
        "@vue/shared": "3.2.47"
      }
    },
    "node_modules/vue-router": {
      "version": "4.1.6",
      "resolved": "https://a.newegg.org:443/artifactory/api/npm/newegg-npm/vue-router/-/vue-router-4.1.6.tgz",
      "integrity": "sha1-twMDc34StIFFeNIdaNIWGEaTdaE=",
      "license": "MIT",
      "dependencies": {
        "@vue/devtools-api": "^6.4.5"
      },
      "funding": {
        "url": "https://github.com/sponsors/posva"
      },
      "peerDependencies": {
        "vue": "^3.2.0"
      }
    }
  },
  "dependencies": {
    "@babel/parser": {
      "version": "7.21.1",
      "resolved": "https://a.newegg.org:443/artifactory/api/npm/newegg-npm/@babel/parser/-/parser-7.21.1.tgz",
      "integrity": "sha1-qPge4v6HKvI/rqSxegj8yGnee8w="
    },
    "@esbuild/android-arm": {
      "version": "0.16.17",
      "resolved": "https://a.newegg.org:443/artifactory/api/npm/newegg-npm/@esbuild/android-arm/-/android-arm-0.16.17.tgz",
      "integrity": "sha1-AltiRtP2i3u6qXBpFE+1+3Dy//I=",
      "dev": true,
      "optional": true
    },
    "@esbuild/android-arm64": {
      "version": "0.16.17",
      "resolved": "https://a.newegg.org:443/artifactory/api/npm/newegg-npm/@esbuild/android-arm64/-/android-arm64-0.16.17.tgz",
      "integrity": "sha1-z5HobfEnqj0UF0Ttr8ugq9xXfSM=",
      "dev": true,
      "optional": true
    },
    "@esbuild/android-x64": {
      "version": "0.16.17",
      "resolved": "https://a.newegg.org:443/artifactory/api/npm/newegg-npm/@esbuild/android-x64/-/android-x64-0.16.17.tgz",
      "integrity": "sha1-yCDg/vmC+ZqFxLi/3VgoNfBM2W4=",
      "dev": true,
      "optional": true
    },
    "@esbuild/darwin-arm64": {
      "version": "0.16.17",
      "resolved": "https://a.newegg.org:443/artifactory/api/npm/newegg-npm/@esbuild/darwin-arm64/-/darwin-arm64-0.16.17.tgz",
      "integrity": "sha1-7e9Eh69rIa+runvlEywm0iN5siA=",
      "dev": true,
      "optional": true
    },
    "@esbuild/darwin-x64": {
      "version": "0.16.17",
      "resolved": "https://a.newegg.org:443/artifactory/api/npm/newegg-npm/@esbuild/darwin-x64/-/darwin-x64-0.16.17.tgz",
      "integrity": "sha1-QoKRaHMAccQe8NAo2DGe6g4pBLQ=",
      "dev": true,
      "optional": true
    },
    "@esbuild/freebsd-arm64": {
      "version": "0.16.17",
      "resolved": "https://a.newegg.org:443/artifactory/api/npm/newegg-npm/@esbuild/freebsd-arm64/-/freebsd-arm64-0.16.17.tgz",
      "integrity": "sha1-H0r0iL/H6c7QQgcDTTmOeTtXCic=",
      "dev": true,
      "optional": true
    },
    "@esbuild/freebsd-x64": {
      "version": "0.16.17",
      "resolved": "https://a.newegg.org:443/artifactory/api/npm/newegg-npm/@esbuild/freebsd-x64/-/freebsd-x64-0.16.17.tgz",
      "integrity": "sha1-Y2MG8Z6byYHgaqHXdzAtrY/dr3I=",
      "dev": true,
      "optional": true
    },
    "@esbuild/linux-arm": {
      "version": "0.16.17",
      "resolved": "https://a.newegg.org:443/artifactory/api/npm/newegg-npm/@esbuild/linux-arm/-/linux-arm-0.16.17.tgz",
      "integrity": "sha1-tZHmpZ2cT+DurdSHSxV6t4z18ZY=",
      "dev": true,
      "optional": true
    },
    "@esbuild/linux-arm64": {
      "version": "0.16.17",
      "resolved": "https://a.newegg.org:443/artifactory/api/npm/newegg-npm/@esbuild/linux-arm64/-/linux-arm64-0.16.17.tgz",
      "integrity": "sha1-oAP3/yN8UB4JXU86CeWPx7JaSso=",
      "dev": true,
      "optional": true
    },
    "@esbuild/linux-ia32": {
      "version": "0.16.17",
      "resolved": "https://a.newegg.org:443/artifactory/api/npm/newegg-npm/@esbuild/linux-ia32/-/linux-ia32-0.16.17.tgz",
      "integrity": "sha1-JDM6EQJ+9GoY9XAZRQpRiJGOKlQ=",
      "dev": true,
      "optional": true
    },
    "@esbuild/linux-loong64": {
      "version": "0.16.17",
      "resolved": "https://a.newegg.org:443/artifactory/api/npm/newegg-npm/@esbuild/linux-loong64/-/linux-loong64-0.16.17.tgz",
      "integrity": "sha1-1a1FnUHtQrvU0AUlazGILsUiJ9g=",
      "dev": true,
      "optional": true
    },
    "@esbuild/linux-mips64el": {
      "version": "0.16.17",
      "resolved": "https://a.newegg.org:443/artifactory/api/npm/newegg-npm/@esbuild/linux-mips64el/-/linux-mips64el-0.16.17.tgz",
      "integrity": "sha1-TllnpmXDg2CwqCBVlDd9Tc+cNyY=",
      "dev": true,
      "optional": true
    },
    "@esbuild/linux-ppc64": {
      "version": "0.16.17",
      "resolved": "https://a.newegg.org:443/artifactory/api/npm/newegg-npm/@esbuild/linux-ppc64/-/linux-ppc64-0.16.17.tgz",
      "integrity": "sha1-IGRDoC61aPn98LQ4+9R9Juc1r8g=",
      "dev": true,
      "optional": true
    },
    "@esbuild/linux-riscv64": {
      "version": "0.16.17",
      "resolved": "https://a.newegg.org:443/artifactory/api/npm/newegg-npm/@esbuild/linux-riscv64/-/linux-riscv64-0.16.17.tgz",
      "integrity": "sha1-w1HkM9AJvyVueYrQSBUsjXbaL8k=",
      "dev": true,
      "optional": true
    },
    "@esbuild/linux-s390x": {
      "version": "0.16.17",
      "resolved": "https://a.newegg.org:443/artifactory/api/npm/newegg-npm/@esbuild/linux-s390x/-/linux-s390x-0.16.17.tgz",
      "integrity": "sha1-Zh8nHl1ZYVuEtoAdHCEjrRPZvYc=",
      "dev": true,
      "optional": true
    },
    "@esbuild/linux-x64": {
      "version": "0.16.17",
      "resolved": "https://a.newegg.org:443/artifactory/api/npm/newegg-npm/@esbuild/linux-x64/-/linux-x64-0.16.17.tgz",
      "integrity": "sha1-5LoY6LFJqJyYI1FEOjd8cjdiuF8=",
      "dev": true,
      "optional": true
    },
    "@esbuild/netbsd-x64": {
      "version": "0.16.17",
      "resolved": "https://a.newegg.org:443/artifactory/api/npm/newegg-npm/@esbuild/netbsd-x64/-/netbsd-x64-0.16.17.tgz",
      "integrity": "sha1-fU9AQeMMXAfdJP+ilcc/BgOOx3U=",
      "dev": true,
      "optional": true
    },
    "@esbuild/openbsd-x64": {
      "version": "0.16.17",
      "resolved": "https://a.newegg.org:443/artifactory/api/npm/newegg-npm/@esbuild/openbsd-x64/-/openbsd-x64-0.16.17.tgz",
      "integrity": "sha1-lw+n+EcGgfPmsdsMxCGkr4Bg7DU=",
      "dev": true,
      "optional": true
    },
    "@esbuild/sunos-x64": {
      "version": "0.16.17",
      "resolved": "https://a.newegg.org:443/artifactory/api/npm/newegg-npm/@esbuild/sunos-x64/-/sunos-x64-0.16.17.tgz",
      "integrity": "sha1-q8YOfEq/i4n7ek/mmhSEEyI4Aiw=",
      "dev": true,
      "optional": true
    },
    "@esbuild/win32-arm64": {
      "version": "0.16.17",
      "resolved": "https://a.newegg.org:443/artifactory/api/npm/newegg-npm/@esbuild/win32-arm64/-/win32-arm64-0.16.17.tgz",
      "integrity": "sha1-ew/56MMmVTenp7H9miTnvTn82Ho=",
      "dev": true,
      "optional": true
    },
    "@esbuild/win32-ia32": {
      "version": "0.16.17",
      "resolved": "https://a.newegg.org:443/artifactory/api/npm/newegg-npm/@esbuild/win32-ia32/-/win32-ia32-0.16.17.tgz",
      "integrity": "sha1-6Q/lJn1xp7dWev3EA9/RmMKS6wk=",
      "dev": true,
      "optional": true
    },
    "@esbuild/win32-x64": {
      "version": "0.16.17",
      "resolved": "https://a.newegg.org:443/artifactory/api/npm/newegg-npm/@esbuild/win32-x64/-/win32-x64-0.16.17.tgz",
      "integrity": "sha1-xaGkv+G1fww+YbKYg1JcbaPlwJE=",
      "dev": true,
      "optional": true
    },
    "@vitejs/plugin-vue": {
      "version": "4.0.0",
      "resolved": "https://a.newegg.org:443/artifactory/api/npm/newegg-npm/@vitejs/plugin-vue/-/plugin-vue-4.0.0.tgz",
      "integrity": "sha1-k4Fb7/0j20YojHhzUqjqMaDAPl4=",
      "dev": true,
      "requires": {}
    },
    "@vue/compiler-core": {
      "version": "3.2.47",
      "resolved": "https://a.newegg.org:443/artifactory/api/npm/newegg-npm/@vue/compiler-core/-/compiler-core-3.2.47.tgz",
      "integrity": "sha1-PgfGhNdIl6yapZIsUgdB8wKSZ/g=",
      "requires": {
        "@babel/parser": "^7.16.4",
        "@vue/shared": "3.2.47",
        "estree-walker": "^2.0.2",
        "source-map": "^0.6.1"
      }
    },
    "@vue/compiler-dom": {
      "version": "3.2.47",
      "resolved": "https://a.newegg.org:443/artifactory/api/npm/newegg-npm/@vue/compiler-dom/-/compiler-dom-3.2.47.tgz",
      "integrity": "sha1-oLBsr373BWk55WPcqpy94weU8wU=",
      "requires": {
        "@vue/compiler-core": "3.2.47",
        "@vue/shared": "3.2.47"
      }
    },
    "@vue/compiler-sfc": {
      "version": "3.2.47",
      "resolved": "https://a.newegg.org:443/artifactory/api/npm/newegg-npm/@vue/compiler-sfc/-/compiler-sfc-3.2.47.tgz",
      "integrity": "sha1-G9w29s3BZD9y4sOX6xo5j1AErT0=",
      "requires": {
        "@babel/parser": "^7.16.4",
        "@vue/compiler-core": "3.2.47",
        "@vue/compiler-dom": "3.2.47",
        "@vue/compiler-ssr": "3.2.47",
        "@vue/reactivity-transform": "3.2.47",
        "@vue/shared": "3.2.47",
        "estree-walker": "^2.0.2",
        "magic-string": "^0.25.7",
        "postcss": "^8.1.10",
        "source-map": "^0.6.1"
      }
    },
    "@vue/compiler-ssr": {
      "version": "3.2.47",
      "resolved": "https://a.newegg.org:443/artifactory/api/npm/newegg-npm/@vue/compiler-ssr/-/compiler-ssr-3.2.47.tgz",
      "integrity": "sha1-NYcsAaJzqsTWBwq52NqRirEwV+4=",
      "requires": {
        "@vue/compiler-dom": "3.2.47",
        "@vue/shared": "3.2.47"
      }
    },
    "@vue/devtools-api": {
      "version": "6.5.0",
      "resolved": "https://a.newegg.org:443/artifactory/api/npm/newegg-npm/@vue/devtools-api/-/devtools-api-6.5.0.tgz",
      "integrity": "sha1-mLmUJe3ucLTJkmkmKPoeosHlfQc="
    },
    "@vue/reactivity": {
      "version": "3.2.47",
      "resolved": "https://a.newegg.org:443/artifactory/api/npm/newegg-npm/@vue/reactivity/-/reactivity-3.2.47.tgz",
      "integrity": "sha1-HWOZB06t/D7TXHJ+L9cH1ogRQLY=",
      "requires": {
        "@vue/shared": "3.2.47"
      }
    },
    "@vue/reactivity-transform": {
      "version": "3.2.47",
      "resolved": "https://a.newegg.org:443/artifactory/api/npm/newegg-npm/@vue/reactivity-transform/-/reactivity-transform-3.2.47.tgz",
      "integrity": "sha1-5F300GNw+KvykIGhav0lz/um2E4=",
      "requires": {
        "@babel/parser": "^7.16.4",
        "@vue/compiler-core": "3.2.47",
        "@vue/shared": "3.2.47",
        "estree-walker": "^2.0.2",
        "magic-string": "^0.25.7"
      }
    },
    "@vue/runtime-core": {
      "version": "3.2.47",
      "resolved": "https://a.newegg.org:443/artifactory/api/npm/newegg-npm/@vue/runtime-core/-/runtime-core-3.2.47.tgz",
      "integrity": "sha1-QG663j1VUcAPxkCbvB7rEPMuEh0=",
      "requires": {
        "@vue/reactivity": "3.2.47",
        "@vue/shared": "3.2.47"
      }
    },
    "@vue/runtime-dom": {
      "version": "3.2.47",
      "resolved": "https://a.newegg.org:443/artifactory/api/npm/newegg-npm/@vue/runtime-dom/-/runtime-dom-3.2.47.tgz",
      "integrity": "sha1-k+dg7q6rhN7ft8Pq8+1Y13Ypk4I=",
      "requires": {
        "@vue/runtime-core": "3.2.47",
        "@vue/shared": "3.2.47",
        "csstype": "^2.6.8"
      }
    },
    "@vue/server-renderer": {
      "version": "3.2.47",
      "resolved": "https://a.newegg.org:443/artifactory/api/npm/newegg-npm/@vue/server-renderer/-/server-renderer-3.2.47.tgz",
      "integrity": "sha1-iqHRhx/E61p4Uap/dB+PcA5t48A=",
      "requires": {
        "@vue/compiler-ssr": "3.2.47",
        "@vue/shared": "3.2.47"
      }
    },
    "@vue/shared": {
      "version": "3.2.47",
      "resolved": "https://a.newegg.org:443/artifactory/api/npm/newegg-npm/@vue/shared/-/shared-3.2.47.tgz",
      "integrity": "sha1-5ZfvdQhsbolv9UeKa/wKeqS70Uw="
    },
    "csstype": {
      "version": "2.6.21",
      "resolved": "https://a.newegg.org:443/artifactory/api/npm/newegg-npm/csstype/-/csstype-2.6.21.tgz",
      "integrity": "sha1-LvuFt8xVyAAXxmpa18vZMf2jqQ4="
    },
    "esbuild": {
      "version": "0.16.17",
      "resolved": "https://a.newegg.org:443/artifactory/api/npm/newegg-npm/esbuild/-/esbuild-0.16.17.tgz",
      "integrity": "sha1-/Cw5FMV+51BjX+5xuJ9hXyUGUlk=",
      "dev": true,
      "requires": {
        "@esbuild/android-arm": "0.16.17",
        "@esbuild/android-arm64": "0.16.17",
        "@esbuild/android-x64": "0.16.17",
        "@esbuild/darwin-arm64": "0.16.17",
        "@esbuild/darwin-x64": "0.16.17",
        "@esbuild/freebsd-arm64": "0.16.17",
        "@esbuild/freebsd-x64": "0.16.17",
        "@esbuild/linux-arm": "0.16.17",
        "@esbuild/linux-arm64": "0.16.17",
        "@esbuild/linux-ia32": "0.16.17",
        "@esbuild/linux-loong64": "0.16.17",
        "@esbuild/linux-mips64el": "0.16.17",
        "@esbuild/linux-ppc64": "0.16.17",
        "@esbuild/linux-riscv64": "0.16.17",
        "@esbuild/linux-s390x": "0.16.17",
        "@esbuild/linux-x64": "0.16.17",
        "@esbuild/netbsd-x64": "0.16.17",
        "@esbuild/openbsd-x64": "0.16.17",
        "@esbuild/sunos-x64": "0.16.17",
        "@esbuild/win32-arm64": "0.16.17",
        "@esbuild/win32-ia32": "0.16.17",
        "@esbuild/win32-x64": "0.16.17"
      }
    },
    "estree-walker": {
      "version": "2.0.2",
      "resolved": "https://a.newegg.org:443/artifactory/api/npm/newegg-npm/estree-walker/-/estree-walker-2.0.2.tgz",
      "integrity": "sha1-UvAQF4wqTBF6d1fP6UKtt9LaTKw="
    },
    "fsevents": {
      "version": "2.3.2",
      "resolved": "https://a.newegg.org:443/artifactory/api/npm/newegg-npm/fsevents/-/fsevents-2.3.2.tgz",
      "integrity": "sha1-ilJveLj99GI7cJ4Ll1xSwkwC/Ro=",
      "dev": true,
      "optional": true
    },
    "function-bind": {
      "version": "1.1.1",
      "resolved": "https://a.newegg.org:443/artifactory/api/npm/newegg-npm/function-bind/-/function-bind-1.1.1.tgz",
      "integrity": "sha1-pWiZ0+o8m6uHS7l3O3xe3pL0iV0=",
      "dev": true
    },
    "has": {
      "version": "1.0.3",
      "resolved": "https://a.newegg.org:443/artifactory/api/npm/newegg-npm/has/-/has-1.0.3.tgz",
      "integrity": "sha1-ci18v8H2qoJB8W3YFOAR4fQeh5Y=",
      "dev": true,
      "requires": {
        "function-bind": "^1.1.1"
      }
    },
    "is-core-module": {
      "version": "2.11.0",
      "resolved": "https://a.newegg.org:443/artifactory/api/npm/newegg-npm/is-core-module/-/is-core-module-2.11.0.tgz",
      "integrity": "sha1-rUyz44Y+gUUjyW8/WNJsxXD/AUQ=",
      "dev": true,
      "requires": {
        "has": "^1.0.3"
      }
    },
    "magic-string": {
      "version": "0.25.9",
      "resolved": "https://a.newegg.org:443/artifactory/api/npm/newegg-npm/magic-string/-/magic-string-0.25.9.tgz",
      "integrity": "sha1-3n+fr5HvihyR0CwuUxTIJ3283Rw=",
      "requires": {
        "sourcemap-codec": "^1.4.8"
      }
    },
    "nanoid": {
      "version": "3.3.4",
      "resolved": "https://a.newegg.org:443/artifactory/api/npm/newegg-npm/nanoid/-/nanoid-3.3.4.tgz",
      "integrity": "sha1-cwtn480J4t6s8DwCfIHJ2dvF6Ks="
    },
    "path-parse": {
      "version": "1.0.7",
      "resolved": "https://a.newegg.org:443/artifactory/api/npm/newegg-npm/path-parse/-/path-parse-1.0.7.tgz",
      "integrity": "sha1-+8EUtgykKzDZ2vWFjkvWi77bZzU=",
      "dev": true
    },
    "picocolors": {
      "version": "1.0.0",
      "resolved": "https://a.newegg.org:443/artifactory/api/npm/newegg-npm/picocolors/-/picocolors-1.0.0.tgz",
      "integrity": "sha1-y1vcdP8/UYkiNur3nWi8RFZKuBw="
    },
    "postcss": {
      "version": "8.4.21",
      "resolved": "https://a.newegg.org:443/artifactory/api/npm/newegg-npm/postcss/-/postcss-8.4.21.tgz",
      "integrity": "sha1-xjm3GaV+/DGHsToddlZ1SF9BNPQ=",
      "requires": {
        "nanoid": "^3.3.4",
        "picocolors": "^1.0.0",
        "source-map-js": "^1.0.2"
      }
    },
    "resolve": {
      "version": "1.22.1",
      "resolved": "https://a.newegg.org:443/artifactory/api/npm/newegg-npm/resolve/-/resolve-1.22.1.tgz",
      "integrity": "sha1-J8suu1P5GrtJRwqSi7p1WAZqwXc=",
      "dev": true,
      "requires": {
        "is-core-module": "^2.9.0",
        "path-parse": "^1.0.7",
        "supports-preserve-symlinks-flag": "^1.0.0"
      }
    },
    "rollup": {
      "version": "3.17.2",
      "resolved": "https://a.newegg.org:443/artifactory/api/npm/newegg-npm/rollup/-/rollup-3.17.2.tgz",
      "integrity": "sha1-pOzSnEiGcqBgbkHvV0dPrXFXUKk=",
      "dev": true,
      "requires": {
        "fsevents": "~2.3.2"
      }
    },
    "source-map": {
      "version": "0.6.1",
      "resolved": "https://a.newegg.org:443/artifactory/api/npm/newegg-npm/source-map/-/source-map-0.6.1.tgz",
      "integrity": "sha1-dHIq8y6WFOnCh6jQu95IteLxomM="
    },
    "source-map-js": {
      "version": "1.0.2",
      "resolved": "https://a.newegg.org:443/artifactory/api/npm/newegg-npm/source-map-js/-/source-map-js-1.0.2.tgz",
      "integrity": "sha1-rbw2HZxi3zgBJefxYfccgm8eSQw="
    },
    "sourcemap-codec": {
      "version": "1.4.8",
      "resolved": "https://a.newegg.org:443/artifactory/api/npm/newegg-npm/sourcemap-codec/-/sourcemap-codec-1.4.8.tgz",
      "integrity": "sha1-6oBL2UhXQC5pktBaOO8a41qatMQ="
    },
    "supports-preserve-symlinks-flag": {
      "version": "1.0.0",
      "resolved": "https://a.newegg.org:443/artifactory/api/npm/newegg-npm/supports-preserve-symlinks-flag/-/supports-preserve-symlinks-flag-1.0.0.tgz",
      "integrity": "sha1-btpL00SjyUrqN21MwxvHcxEDngk=",
      "dev": true
    },
    "vite": {
      "version": "4.1.3",
      "resolved": "https://a.newegg.org:443/artifactory/api/npm/newegg-npm/vite/-/vite-4.1.3.tgz",
      "integrity": "sha1-ABoDjDp3V9UyeHwN5Cm4NoE23tU=",
      "dev": true,
      "requires": {
        "esbuild": "^0.16.14",
        "fsevents": "~2.3.2",
        "postcss": "^8.4.21",
        "resolve": "^1.22.1",
        "rollup": "^3.10.0"
      }
    },
    "vue": {
      "version": "3.2.47",
      "resolved": "https://a.newegg.org:443/artifactory/api/npm/newegg-npm/vue/-/vue-3.2.47.tgz",
      "integrity": "sha1-Prc2y8YG/IcDjbumoVRwfIo0z/A=",
      "requires": {
        "@vue/compiler-dom": "3.2.47",
        "@vue/compiler-sfc": "3.2.47",
        "@vue/runtime-dom": "3.2.47",
        "@vue/server-renderer": "3.2.47",
        "@vue/shared": "3.2.47"
      }
    },
    "vue-router": {
      "version": "4.1.6",
      "resolved": "https://a.newegg.org:443/artifactory/api/npm/newegg-npm/vue-router/-/vue-router-4.1.6.tgz",
      "integrity": "sha1-twMDc34StIFFeNIdaNIWGEaTdaE=",
      "requires": {
        "@vue/devtools-api": "^6.4.5"
      }
    }
  }
}
